// !$*UTF8*$!
{
	archiveVersion = 1;
	classes = {
	};
	objectVersion = 51;
	objects = {

/* Begin PBXBuildFile section */
		14632B25242F975600B5D0EC /* UserMutations.graphql in Resources */ = {isa = PBXBuildFile; fileRef = 14632B24242F975600B5D0EC /* UserMutations.graphql */; };
		146B82BE2432130000ADB909 /* Session.swift in Sources */ = {isa = PBXBuildFile; fileRef = 146B82BD2432130000ADB909 /* Session.swift */; };
		146B82C024321F4900ADB909 /* API.swift in Sources */ = {isa = PBXBuildFile; fileRef = 146B82BF24321F4900ADB909 /* API.swift */; };
		146B82C22432217100ADB909 /* ProfileView.swift in Sources */ = {isa = PBXBuildFile; fileRef = 146B82C12432217100ADB909 /* ProfileView.swift */; };
		146B82C624322DCE00ADB909 /* PostPreview.swift in Sources */ = {isa = PBXBuildFile; fileRef = 146B82C524322DCE00ADB909 /* PostPreview.swift */; };
		146B82D22432382B00ADB909 /* Coordinator.swift in Sources */ = {isa = PBXBuildFile; fileRef = 146B82D12432382B00ADB909 /* Coordinator.swift */; };
		146B82D424323B2C00ADB909 /* PostViewModel.swift in Sources */ = {isa = PBXBuildFile; fileRef = 146B82D324323B2C00ADB909 /* PostViewModel.swift */; };
		146B82D82432431E00ADB909 /* LineView.swift in Sources */ = {isa = PBXBuildFile; fileRef = 146B82D72432431D00ADB909 /* LineView.swift */; };
		146B82DA2432433200ADB909 /* Comment.swift in Sources */ = {isa = PBXBuildFile; fileRef = 146B82D92432433200ADB909 /* Comment.swift */; };
		146B82DC2432433A00ADB909 /* Post.swift in Sources */ = {isa = PBXBuildFile; fileRef = 146B82DB2432433A00ADB909 /* Post.swift */; };
		146B82DE2432436500ADB909 /* LineViewViewModel.swift in Sources */ = {isa = PBXBuildFile; fileRef = 146B82DD2432436500ADB909 /* LineViewViewModel.swift */; };
		146B82E2243243CA00ADB909 /* ProfileViewModel.swift in Sources */ = {isa = PBXBuildFile; fileRef = 146B82E1243243CA00ADB909 /* ProfileViewModel.swift */; };
		146B82E42432440400ADB909 /* PostPreviewView.swift in Sources */ = {isa = PBXBuildFile; fileRef = 146B82E32432440400ADB909 /* PostPreviewView.swift */; };
		146B82E62432444F00ADB909 /* ProfileModel.swift in Sources */ = {isa = PBXBuildFile; fileRef = 146B82E52432444F00ADB909 /* ProfileModel.swift */; };
		146B82E92432465100ADB909 /* TimeLineView.swift in Sources */ = {isa = PBXBuildFile; fileRef = 146B82E82432465100ADB909 /* TimeLineView.swift */; };
		146B82EB243247FB00ADB909 /* ArrayExtension.swift in Sources */ = {isa = PBXBuildFile; fileRef = 146B82EA243247FB00ADB909 /* ArrayExtension.swift */; };
		148876DD242F74FB0026C52D /* AppDelegate.swift in Sources */ = {isa = PBXBuildFile; fileRef = 148876DC242F74FB0026C52D /* AppDelegate.swift */; };
		148876DF242F74FB0026C52D /* SceneDelegate.swift in Sources */ = {isa = PBXBuildFile; fileRef = 148876DE242F74FB0026C52D /* SceneDelegate.swift */; };
		148876E1242F74FB0026C52D /* SignUpView.swift in Sources */ = {isa = PBXBuildFile; fileRef = 148876E0242F74FB0026C52D /* SignUpView.swift */; };
		148876E3242F75010026C52D /* Assets.xcassets in Resources */ = {isa = PBXBuildFile; fileRef = 148876E2242F75010026C52D /* Assets.xcassets */; };
		148876E6242F75010026C52D /* Preview Assets.xcassets in Resources */ = {isa = PBXBuildFile; fileRef = 148876E5242F75010026C52D /* Preview Assets.xcassets */; };
		148876E9242F75010026C52D /* LaunchScreen.storyboard in Resources */ = {isa = PBXBuildFile; fileRef = 148876E7242F75010026C52D /* LaunchScreen.storyboard */; };
		14963EE12430F2F400B5444C /* Network.swift in Sources */ = {isa = PBXBuildFile; fileRef = 14963EE02430F2F400B5444C /* Network.swift */; };
		14963EE32430FD9900B5444C /* Response.swift in Sources */ = {isa = PBXBuildFile; fileRef = 14963EE22430FD9900B5444C /* Response.swift */; };
		14963EE52431170200B5444C /* LoginView.swift in Sources */ = {isa = PBXBuildFile; fileRef = 14963EE42431170200B5444C /* LoginView.swift */; };
		14963EE72431172000B5444C /* LoginViewModel.swift in Sources */ = {isa = PBXBuildFile; fileRef = 14963EE62431172000B5444C /* LoginViewModel.swift */; };
		14963EE92431175A00B5444C /* Colors.swift in Sources */ = {isa = PBXBuildFile; fileRef = 14963EE82431175A00B5444C /* Colors.swift */; };
		14963EEB2431186200B5444C /* Localizable.strings in Resources */ = {isa = PBXBuildFile; fileRef = 14963EEA2431186200B5444C /* Localizable.strings */; };
		14963EED2431273800B5444C /* AlertModel.swift in Sources */ = {isa = PBXBuildFile; fileRef = 14963EEC2431273800B5444C /* AlertModel.swift */; };
		14963EEF24312A3200B5444C /* AlertPresentableViewModel.swift in Sources */ = {isa = PBXBuildFile; fileRef = 14963EEE24312A3200B5444C /* AlertPresentableViewModel.swift */; };
		14A504B92433842300EBE693 /* BottomView.swift in Sources */ = {isa = PBXBuildFile; fileRef = 14A504B82433842300EBE693 /* BottomView.swift */; };
		14A504BB24338BE300EBE693 /* HomeView.swift in Sources */ = {isa = PBXBuildFile; fileRef = 14A504BA24338BE300EBE693 /* HomeView.swift */; };
		14A504BD24338D3A00EBE693 /* StoryPreviewView.swift in Sources */ = {isa = PBXBuildFile; fileRef = 14A504BC24338D3A00EBE693 /* StoryPreviewView.swift */; };
		14A504BF24338E9C00EBE693 /* PostDetailView.swift in Sources */ = {isa = PBXBuildFile; fileRef = 14A504BE24338E9C00EBE693 /* PostDetailView.swift */; };
		14A504C12433928C00EBE693 /* User.swift in Sources */ = {isa = PBXBuildFile; fileRef = 14A504C02433928C00EBE693 /* User.swift */; };
		14A504C3243394E200EBE693 /* dummyPost.swift in Sources */ = {isa = PBXBuildFile; fileRef = 14A504C2243394E200EBE693 /* dummyPost.swift */; };
		14A504C524339FE900EBE693 /* TimeLineDetailView.swift in Sources */ = {isa = PBXBuildFile; fileRef = 14A504C424339FE900EBE693 /* TimeLineDetailView.swift */; };
		14A504C72433A82800EBE693 /* TimeLineDetailViewModel.swift in Sources */ = {isa = PBXBuildFile; fileRef = 14A504C62433A82800EBE693 /* TimeLineDetailViewModel.swift */; };
		14D21A77242F8C14005430B1 /* SignUpViewModel.swift in Sources */ = {isa = PBXBuildFile; fileRef = 14D21A76242F8C14005430B1 /* SignUpViewModel.swift */; };
		14E44FE42432005000429E15 /* ContentView.swift in Sources */ = {isa = PBXBuildFile; fileRef = 14E44FE32432005000429E15 /* ContentView.swift */; };
		14E44FE6243204C400429E15 /* BaseResponseViewModel.swift in Sources */ = {isa = PBXBuildFile; fileRef = 14E44FE5243204C400429E15 /* BaseResponseViewModel.swift */; };
		8351057699FB0819239AA096 /* Pods_igClone.framework in Frameworks */ = {isa = PBXBuildFile; fileRef = 28335A8A54AC43232AEEA2B6 /* Pods_igClone.framework */; };
/* End PBXBuildFile section */

/* Begin PBXFileReference section */
		14632B24242F975600B5D0EC /* UserMutations.graphql */ = {isa = PBXFileReference; fileEncoding = 4; lastKnownFileType = text; path = UserMutations.graphql; sourceTree = "<group>"; };
		146B82BD2432130000ADB909 /* Session.swift */ = {isa = PBXFileReference; lastKnownFileType = sourcecode.swift; path = Session.swift; sourceTree = "<group>"; };
		146B82BF24321F4900ADB909 /* API.swift */ = {isa = PBXFileReference; fileEncoding = 4; lastKnownFileType = sourcecode.swift; path = API.swift; sourceTree = "<group>"; };
		146B82C12432217100ADB909 /* ProfileView.swift */ = {isa = PBXFileReference; lastKnownFileType = sourcecode.swift; path = ProfileView.swift; sourceTree = "<group>"; };
		146B82C524322DCE00ADB909 /* PostPreview.swift */ = {isa = PBXFileReference; lastKnownFileType = sourcecode.swift; name = PostPreview.swift; path = /Users/chrisschmutte/Desktop/igClone/XCode/igClone/igClone/PostPreview.swift; sourceTree = "<absolute>"; };
		146B82D12432382B00ADB909 /* Coordinator.swift */ = {isa = PBXFileReference; lastKnownFileType = sourcecode.swift; path = Coordinator.swift; sourceTree = "<group>"; };
		146B82D324323B2C00ADB909 /* PostViewModel.swift */ = {isa = PBXFileReference; lastKnownFileType = sourcecode.swift; path = PostViewModel.swift; sourceTree = "<group>"; };
		146B82D72432431D00ADB909 /* LineView.swift */ = {isa = PBXFileReference; fileEncoding = 4; lastKnownFileType = sourcecode.swift; name = LineView.swift; path = ../../../../../InstagramClone/InstagramClone/InstagramClone/LineView.swift; sourceTree = "<group>"; };
		146B82D92432433200ADB909 /* Comment.swift */ = {isa = PBXFileReference; fileEncoding = 4; lastKnownFileType = sourcecode.swift; path = Comment.swift; sourceTree = "<group>"; };
		146B82DB2432433A00ADB909 /* Post.swift */ = {isa = PBXFileReference; fileEncoding = 4; lastKnownFileType = sourcecode.swift; name = Post.swift; path = ../../../../../InstagramClone/InstagramClone/InstagramClone/Post.swift; sourceTree = "<group>"; };
		146B82DD2432436500ADB909 /* LineViewViewModel.swift */ = {isa = PBXFileReference; fileEncoding = 4; lastKnownFileType = sourcecode.swift; name = LineViewViewModel.swift; path = ../../../../../InstagramClone/InstagramClone/InstagramClone/LineViewViewModel.swift; sourceTree = "<group>"; };
		146B82E1243243CA00ADB909 /* ProfileViewModel.swift */ = {isa = PBXFileReference; lastKnownFileType = sourcecode.swift; path = ProfileViewModel.swift; sourceTree = "<group>"; };
		146B82E32432440400ADB909 /* PostPreviewView.swift */ = {isa = PBXFileReference; fileEncoding = 4; lastKnownFileType = sourcecode.swift; path = PostPreviewView.swift; sourceTree = "<group>"; };
		146B82E52432444F00ADB909 /* ProfileModel.swift */ = {isa = PBXFileReference; fileEncoding = 4; lastKnownFileType = sourcecode.swift; path = ProfileModel.swift; sourceTree = "<group>"; };
		146B82E82432465100ADB909 /* TimeLineView.swift */ = {isa = PBXFileReference; lastKnownFileType = sourcecode.swift; path = TimeLineView.swift; sourceTree = "<group>"; };
		146B82EA243247FB00ADB909 /* ArrayExtension.swift */ = {isa = PBXFileReference; lastKnownFileType = sourcecode.swift; path = ArrayExtension.swift; sourceTree = "<group>"; };
		148876D9242F74FB0026C52D /* igClone.app */ = {isa = PBXFileReference; explicitFileType = wrapper.application; includeInIndex = 0; path = igClone.app; sourceTree = BUILT_PRODUCTS_DIR; };
		148876DC242F74FB0026C52D /* AppDelegate.swift */ = {isa = PBXFileReference; lastKnownFileType = sourcecode.swift; path = AppDelegate.swift; sourceTree = "<group>"; };
		148876DE242F74FB0026C52D /* SceneDelegate.swift */ = {isa = PBXFileReference; lastKnownFileType = sourcecode.swift; path = SceneDelegate.swift; sourceTree = "<group>"; };
		148876E0242F74FB0026C52D /* SignUpView.swift */ = {isa = PBXFileReference; lastKnownFileType = sourcecode.swift; path = SignUpView.swift; sourceTree = "<group>"; };
		148876E2242F75010026C52D /* Assets.xcassets */ = {isa = PBXFileReference; lastKnownFileType = folder.assetcatalog; path = Assets.xcassets; sourceTree = "<group>"; };
		148876E5242F75010026C52D /* Preview Assets.xcassets */ = {isa = PBXFileReference; lastKnownFileType = folder.assetcatalog; path = "Preview Assets.xcassets"; sourceTree = "<group>"; };
		148876E8242F75010026C52D /* Base */ = {isa = PBXFileReference; lastKnownFileType = file.storyboard; name = Base; path = Base.lproj/LaunchScreen.storyboard; sourceTree = "<group>"; };
		148876EA242F75010026C52D /* Info.plist */ = {isa = PBXFileReference; lastKnownFileType = text.plist.xml; path = Info.plist; sourceTree = "<group>"; };
		14963EE02430F2F400B5444C /* Network.swift */ = {isa = PBXFileReference; lastKnownFileType = sourcecode.swift; path = Network.swift; sourceTree = "<group>"; };
		14963EE22430FD9900B5444C /* Response.swift */ = {isa = PBXFileReference; lastKnownFileType = sourcecode.swift; path = Response.swift; sourceTree = "<group>"; };
		14963EE42431170200B5444C /* LoginView.swift */ = {isa = PBXFileReference; lastKnownFileType = sourcecode.swift; path = LoginView.swift; sourceTree = "<group>"; };
		14963EE62431172000B5444C /* LoginViewModel.swift */ = {isa = PBXFileReference; lastKnownFileType = sourcecode.swift; path = LoginViewModel.swift; sourceTree = "<group>"; };
		14963EE82431175A00B5444C /* Colors.swift */ = {isa = PBXFileReference; lastKnownFileType = sourcecode.swift; path = Colors.swift; sourceTree = "<group>"; };
		14963EEA2431186200B5444C /* Localizable.strings */ = {isa = PBXFileReference; lastKnownFileType = text.plist.strings; path = Localizable.strings; sourceTree = "<group>"; };
		14963EEC2431273800B5444C /* AlertModel.swift */ = {isa = PBXFileReference; lastKnownFileType = sourcecode.swift; path = AlertModel.swift; sourceTree = "<group>"; };
		14963EEE24312A3200B5444C /* AlertPresentableViewModel.swift */ = {isa = PBXFileReference; lastKnownFileType = sourcecode.swift; path = AlertPresentableViewModel.swift; sourceTree = "<group>"; };
		14A504B82433842300EBE693 /* BottomView.swift */ = {isa = PBXFileReference; lastKnownFileType = sourcecode.swift; path = BottomView.swift; sourceTree = "<group>"; };
		14A504BA24338BE300EBE693 /* HomeView.swift */ = {isa = PBXFileReference; lastKnownFileType = sourcecode.swift; path = HomeView.swift; sourceTree = "<group>"; };
		14A504BC24338D3A00EBE693 /* StoryPreviewView.swift */ = {isa = PBXFileReference; lastKnownFileType = sourcecode.swift; path = StoryPreviewView.swift; sourceTree = "<group>"; };
		14A504BE24338E9C00EBE693 /* PostDetailView.swift */ = {isa = PBXFileReference; lastKnownFileType = sourcecode.swift; path = PostDetailView.swift; sourceTree = "<group>"; };
		14A504C02433928C00EBE693 /* User.swift */ = {isa = PBXFileReference; lastKnownFileType = sourcecode.swift; path = User.swift; sourceTree = "<group>"; };
		14A504C2243394E200EBE693 /* dummyPost.swift */ = {isa = PBXFileReference; lastKnownFileType = sourcecode.swift; path = dummyPost.swift; sourceTree = "<group>"; };
		14A504C424339FE900EBE693 /* TimeLineDetailView.swift */ = {isa = PBXFileReference; lastKnownFileType = sourcecode.swift; path = TimeLineDetailView.swift; sourceTree = "<group>"; };
		14A504C62433A82800EBE693 /* TimeLineDetailViewModel.swift */ = {isa = PBXFileReference; lastKnownFileType = sourcecode.swift; path = TimeLineDetailViewModel.swift; sourceTree = "<group>"; };
		14D21A76242F8C14005430B1 /* SignUpViewModel.swift */ = {isa = PBXFileReference; lastKnownFileType = sourcecode.swift; path = SignUpViewModel.swift; sourceTree = "<group>"; };
		14E44FE32432005000429E15 /* ContentView.swift */ = {isa = PBXFileReference; lastKnownFileType = sourcecode.swift; path = ContentView.swift; sourceTree = "<group>"; };
		14E44FE5243204C400429E15 /* BaseResponseViewModel.swift */ = {isa = PBXFileReference; lastKnownFileType = sourcecode.swift; path = BaseResponseViewModel.swift; sourceTree = "<group>"; };
		28335A8A54AC43232AEEA2B6 /* Pods_igClone.framework */ = {isa = PBXFileReference; explicitFileType = wrapper.framework; includeInIndex = 0; path = Pods_igClone.framework; sourceTree = BUILT_PRODUCTS_DIR; };
		6C77B1BE03A1BE0B01B4B8F2 /* Pods-igClone.release.xcconfig */ = {isa = PBXFileReference; includeInIndex = 1; lastKnownFileType = text.xcconfig; name = "Pods-igClone.release.xcconfig"; path = "Target Support Files/Pods-igClone/Pods-igClone.release.xcconfig"; sourceTree = "<group>"; };
		703368AD5AB911C5B494126F /* Pods-igClone.debug.xcconfig */ = {isa = PBXFileReference; includeInIndex = 1; lastKnownFileType = text.xcconfig; name = "Pods-igClone.debug.xcconfig"; path = "Target Support Files/Pods-igClone/Pods-igClone.debug.xcconfig"; sourceTree = "<group>"; };
/* End PBXFileReference section */

/* Begin PBXFrameworksBuildPhase section */
		148876D6242F74FB0026C52D /* Frameworks */ = {
			isa = PBXFrameworksBuildPhase;
			buildActionMask = 2147483647;
			files = (
				8351057699FB0819239AA096 /* Pods_igClone.framework in Frameworks */,
			);
			runOnlyForDeploymentPostprocessing = 0;
		};
/* End PBXFrameworksBuildPhase section */

/* Begin PBXGroup section */
		146B82C724322E9700ADB909 /* ViewModel */ = {
			isa = PBXGroup;
			children = (
				146B82E1243243CA00ADB909 /* ProfileViewModel.swift */,
				14963EE62431172000B5444C /* LoginViewModel.swift */,
				14D21A76242F8C14005430B1 /* SignUpViewModel.swift */,
				146B82DD2432436500ADB909 /* LineViewViewModel.swift */,
				146B82D324323B2C00ADB909 /* PostViewModel.swift */,
				14A504C62433A82800EBE693 /* TimeLineDetailViewModel.swift */,
			);
			path = ViewModel;
			sourceTree = "<group>";
		};
		146B82C824322EA300ADB909 /* View */ = {
			isa = PBXGroup;
			children = (
				146B82E32432440400ADB909 /* PostPreviewView.swift */,
				14963EE82431175A00B5444C /* Colors.swift */,
				146B82C12432217100ADB909 /* ProfileView.swift */,
				14A504BE24338E9C00EBE693 /* PostDetailView.swift */,
				14E44FE32432005000429E15 /* ContentView.swift */,
				14963EE42431170200B5444C /* LoginView.swift */,
				148876E0242F74FB0026C52D /* SignUpView.swift */,
				146B82D72432431D00ADB909 /* LineView.swift */,
				146B82E82432465100ADB909 /* TimeLineView.swift */,
				14A504B82433842300EBE693 /* BottomView.swift */,
				14A504BA24338BE300EBE693 /* HomeView.swift */,
				14A504BC24338D3A00EBE693 /* StoryPreviewView.swift */,
				14A504C424339FE900EBE693 /* TimeLineDetailView.swift */,
			);
			path = View;
			sourceTree = "<group>";
		};
		146B82C924322EAA00ADB909 /* Model */ = {
			isa = PBXGroup;
			children = (
				146B82E52432444F00ADB909 /* ProfileModel.swift */,
				146B82DB2432433A00ADB909 /* Post.swift */,
				146B82D92432433200ADB909 /* Comment.swift */,
				14E44FE5243204C400429E15 /* BaseResponseViewModel.swift */,
				14963EEE24312A3200B5444C /* AlertPresentableViewModel.swift */,
				14963EEC2431273800B5444C /* AlertModel.swift */,
				14963EE22430FD9900B5444C /* Response.swift */,
				146B82BD2432130000ADB909 /* Session.swift */,
				14963EE02430F2F400B5444C /* Network.swift */,
				146B82C524322DCE00ADB909 /* PostPreview.swift */,
				14A504C02433928C00EBE693 /* User.swift */,
			);
			path = Model;
			sourceTree = "<group>";
		};
		146B82CA24322EB600ADB909 /* Supportive */ = {
			isa = PBXGroup;
			children = (
				14963EEA2431186200B5444C /* Localizable.strings */,
				148876DE242F74FB0026C52D /* SceneDelegate.swift */,
				148876DC242F74FB0026C52D /* AppDelegate.swift */,
				146B82BF24321F4900ADB909 /* API.swift */,
				14632B24242F975600B5D0EC /* UserMutations.graphql */,
				146B82EA243247FB00ADB909 /* ArrayExtension.swift */,
				14A504C2243394E200EBE693 /* dummyPost.swift */,
			);
			path = Supportive;
			sourceTree = "<group>";
		};
		148876D0242F74FB0026C52D = {
			isa = PBXGroup;
			children = (
				148876DB242F74FB0026C52D /* igClone */,
				148876DA242F74FB0026C52D /* Products */,
				6D037F4CA92CE36C020CFCAA /* Pods */,
				E4BAA3BDBFB987B75E889FB8 /* Frameworks */,
			);
			sourceTree = "<group>";
		};
		148876DA242F74FB0026C52D /* Products */ = {
			isa = PBXGroup;
			children = (
				148876D9242F74FB0026C52D /* igClone.app */,
			);
			name = Products;
			sourceTree = "<group>";
		};
		148876DB242F74FB0026C52D /* igClone */ = {
			isa = PBXGroup;
			children = (
				146B82CA24322EB600ADB909 /* Supportive */,
				146B82C924322EAA00ADB909 /* Model */,
				146B82C824322EA300ADB909 /* View */,
				146B82C724322E9700ADB909 /* ViewModel */,
				148876E2242F75010026C52D /* Assets.xcassets */,
				148876E7242F75010026C52D /* LaunchScreen.storyboard */,
				148876EA242F75010026C52D /* Info.plist */,
				148876E4242F75010026C52D /* Preview Content */,
				146B82D12432382B00ADB909 /* Coordinator.swift */,
			);
			path = igClone;
			sourceTree = "<group>";
		};
		148876E4242F75010026C52D /* Preview Content */ = {
			isa = PBXGroup;
			children = (
				148876E5242F75010026C52D /* Preview Assets.xcassets */,
			);
			path = "Preview Content";
			sourceTree = "<group>";
		};
		6D037F4CA92CE36C020CFCAA /* Pods */ = {
			isa = PBXGroup;
			children = (
				703368AD5AB911C5B494126F /* Pods-igClone.debug.xcconfig */,
				6C77B1BE03A1BE0B01B4B8F2 /* Pods-igClone.release.xcconfig */,
			);
			path = Pods;
			sourceTree = "<group>";
		};
		E4BAA3BDBFB987B75E889FB8 /* Frameworks */ = {
			isa = PBXGroup;
			children = (
				28335A8A54AC43232AEEA2B6 /* Pods_igClone.framework */,
			);
			name = Frameworks;
			sourceTree = "<group>";
		};
/* End PBXGroup section */

/* Begin PBXNativeTarget section */
		148876D8242F74FB0026C52D /* igClone */ = {
			isa = PBXNativeTarget;
			buildConfigurationList = 148876ED242F75010026C52D /* Build configuration list for PBXNativeTarget "igClone" */;
			buildPhases = (
				634AC725CB1294452615C5EB /* [CP] Check Pods Manifest.lock */,
				148876D5242F74FB0026C52D /* Sources */,
				14632B26242F986000B5D0EC /* ShellScript */,
				148876D6242F74FB0026C52D /* Frameworks */,
				148876D7242F74FB0026C52D /* Resources */,
				F9BF48BCAC699AF84E91180B /* [CP] Embed Pods Frameworks */,
			);
			buildRules = (
			);
			dependencies = (
			);
			name = igClone;
			productName = igClone;
			productReference = 148876D9242F74FB0026C52D /* igClone.app */;
			productType = "com.apple.product-type.application";
		};
/* End PBXNativeTarget section */

/* Begin PBXProject section */
		148876D1242F74FB0026C52D /* Project object */ = {
			isa = PBXProject;
			attributes = {
				LastSwiftUpdateCheck = 1140;
				LastUpgradeCheck = 1140;
				ORGANIZATIONNAME = "Christian Schmutte";
				TargetAttributes = {
					148876D8242F74FB0026C52D = {
						CreatedOnToolsVersion = 11.4;
					};
				};
			};
			buildConfigurationList = 148876D4242F74FB0026C52D /* Build configuration list for PBXProject "igClone" */;
			compatibilityVersion = "Xcode 9.3";
			developmentRegion = en;
			hasScannedForEncodings = 0;
			knownRegions = (
				en,
				Base,
			);
			mainGroup = 148876D0242F74FB0026C52D;
			productRefGroup = 148876DA242F74FB0026C52D /* Products */;
			projectDirPath = "";
			projectRoot = "";
			targets = (
				148876D8242F74FB0026C52D /* igClone */,
			);
		};
/* End PBXProject section */

/* Begin PBXResourcesBuildPhase section */
		148876D7242F74FB0026C52D /* Resources */ = {
			isa = PBXResourcesBuildPhase;
			buildActionMask = 2147483647;
			files = (
				148876E9242F75010026C52D /* LaunchScreen.storyboard in Resources */,
				14632B25242F975600B5D0EC /* UserMutations.graphql in Resources */,
				148876E6242F75010026C52D /* Preview Assets.xcassets in Resources */,
				148876E3242F75010026C52D /* Assets.xcassets in Resources */,
				14963EEB2431186200B5444C /* Localizable.strings in Resources */,
			);
			runOnlyForDeploymentPostprocessing = 0;
		};
/* End PBXResourcesBuildPhase section */

/* Begin PBXShellScriptBuildPhase section */
		14632B26242F986000B5D0EC /* ShellScript */ = {
			isa = PBXShellScriptBuildPhase;
			buildActionMask = 12;
			files = (
			);
			inputFileListPaths = (
			);
			inputPaths = (
				"$(SRCROOT)/newInputFile",
			);
			outputFileListPaths = (
			);
			outputPaths = (
			);
			runOnlyForDeploymentPostprocessing = 0;
			shellPath = /bin/sh;
			shellScript = "SCRIPT_PATH=\"${PODS_ROOT}/Apollo/scripts\"\ncd \"${SRCROOT}/${TARGET_NAME}\"\n\"${SCRIPT_PATH}\"/run-bundled-codegen.sh codegen:generate --target=swift --includes=./**/*.graphql --localSchemaFile=\"schema.json\" API.swift\n";
		};
		634AC725CB1294452615C5EB /* [CP] Check Pods Manifest.lock */ = {
			isa = PBXShellScriptBuildPhase;
			buildActionMask = 2147483647;
			files = (
			);
			inputFileListPaths = (
			);
			inputPaths = (
				"${PODS_PODFILE_DIR_PATH}/Podfile.lock",
				"${PODS_ROOT}/Manifest.lock",
			);
			name = "[CP] Check Pods Manifest.lock";
			outputFileListPaths = (
			);
			outputPaths = (
				"$(DERIVED_FILE_DIR)/Pods-igClone-checkManifestLockResult.txt",
			);
			runOnlyForDeploymentPostprocessing = 0;
			shellPath = /bin/sh;
			shellScript = "diff \"${PODS_PODFILE_DIR_PATH}/Podfile.lock\" \"${PODS_ROOT}/Manifest.lock\" > /dev/null\nif [ $? != 0 ] ; then\n    # print error to STDERR\n    echo \"error: The sandbox is not in sync with the Podfile.lock. Run 'pod install' or update your CocoaPods installation.\" >&2\n    exit 1\nfi\n# This output is used by Xcode 'outputs' to avoid re-running this script phase.\necho \"SUCCESS\" > \"${SCRIPT_OUTPUT_FILE_0}\"\n";
			showEnvVarsInLog = 0;
		};
		F9BF48BCAC699AF84E91180B /* [CP] Embed Pods Frameworks */ = {
			isa = PBXShellScriptBuildPhase;
			buildActionMask = 2147483647;
			files = (
			);
			inputFileListPaths = (
				"${PODS_ROOT}/Target Support Files/Pods-igClone/Pods-igClone-frameworks-${CONFIGURATION}-input-files.xcfilelist",
			);
			name = "[CP] Embed Pods Frameworks";
			outputFileListPaths = (
				"${PODS_ROOT}/Target Support Files/Pods-igClone/Pods-igClone-frameworks-${CONFIGURATION}-output-files.xcfilelist",
			);
			runOnlyForDeploymentPostprocessing = 0;
			shellPath = /bin/sh;
			shellScript = "\"${PODS_ROOT}/Target Support Files/Pods-igClone/Pods-igClone-frameworks.sh\"\n";
			showEnvVarsInLog = 0;
		};
/* End PBXShellScriptBuildPhase section */

/* Begin PBXSourcesBuildPhase section */
		148876D5242F74FB0026C52D /* Sources */ = {
			isa = PBXSourcesBuildPhase;
			buildActionMask = 2147483647;
			files = (
				14A504BF24338E9C00EBE693 /* PostDetailView.swift in Sources */,
				148876DD242F74FB0026C52D /* AppDelegate.swift in Sources */,
				14963EE92431175A00B5444C /* Colors.swift in Sources */,
				14E44FE6243204C400429E15 /* BaseResponseViewModel.swift in Sources */,
				14A504C3243394E200EBE693 /* dummyPost.swift in Sources */,
				148876DF242F74FB0026C52D /* SceneDelegate.swift in Sources */,
				146B82C024321F4900ADB909 /* API.swift in Sources */,
				146B82D22432382B00ADB909 /* Coordinator.swift in Sources */,
				14A504C524339FE900EBE693 /* TimeLineDetailView.swift in Sources */,
				14963EEF24312A3200B5444C /* AlertPresentableViewModel.swift in Sources */,
				14A504C72433A82800EBE693 /* TimeLineDetailViewModel.swift in Sources */,
				146B82BE2432130000ADB909 /* Session.swift in Sources */,
				146B82DA2432433200ADB909 /* Comment.swift in Sources */,
				14A504B92433842300EBE693 /* BottomView.swift in Sources */,
				146B82E62432444F00ADB909 /* ProfileModel.swift in Sources */,
				146B82E2243243CA00ADB909 /* ProfileViewModel.swift in Sources */,
				14963EE12430F2F400B5444C /* Network.swift in Sources */,
				146B82C22432217100ADB909 /* ProfileView.swift in Sources */,
				146B82D82432431E00ADB909 /* LineView.swift in Sources */,
				14A504BD24338D3A00EBE693 /* StoryPreviewView.swift in Sources */,
				14D21A77242F8C14005430B1 /* SignUpViewModel.swift in Sources */,
				14A504BB24338BE300EBE693 /* HomeView.swift in Sources */,
				148876E1242F74FB0026C52D /* SignUpView.swift in Sources */,
				14963EE52431170200B5444C /* LoginView.swift in Sources */,
				146B82DC2432433A00ADB909 /* Post.swift in Sources */,
				14963EE32430FD9900B5444C /* Response.swift in Sources */,
				14E44FE42432005000429E15 /* ContentView.swift in Sources */,
				14963EED2431273800B5444C /* AlertModel.swift in Sources */,
				146B82E42432440400ADB909 /* PostPreviewView.swift in Sources */,
				146B82DE2432436500ADB909 /* LineViewViewModel.swift in Sources */,
				146B82D424323B2C00ADB909 /* PostViewModel.swift in Sources */,
				146B82EB243247FB00ADB909 /* ArrayExtension.swift in Sources */,
				146B82C624322DCE00ADB909 /* PostPreview.swift in Sources */,
				14963EE72431172000B5444C /* LoginViewModel.swift in Sources */,
				146B82E92432465100ADB909 /* TimeLineView.swift in Sources */,
				14A504C12433928C00EBE693 /* User.swift in Sources */,
			);
			runOnlyForDeploymentPostprocessing = 0;
		};
/* End PBXSourcesBuildPhase section */

/* Begin PBXVariantGroup section */
		148876E7242F75010026C52D /* LaunchScreen.storyboard */ = {
			isa = PBXVariantGroup;
			children = (
				148876E8242F75010026C52D /* Base */,
			);
			name = LaunchScreen.storyboard;
			sourceTree = "<group>";
		};
/* End PBXVariantGroup section */

/* Begin XCBuildConfiguration section */
		148876EB242F75010026C52D /* Debug */ = {
			isa = XCBuildConfiguration;
			buildSettings = {
				ALWAYS_SEARCH_USER_PATHS = NO;
				CLANG_ANALYZER_NONNULL = YES;
				CLANG_ANALYZER_NUMBER_OBJECT_CONVERSION = YES_AGGRESSIVE;
				CLANG_CXX_LANGUAGE_STANDARD = "gnu++14";
				CLANG_CXX_LIBRARY = "libc++";
				CLANG_ENABLE_MODULES = YES;
				CLANG_ENABLE_OBJC_ARC = YES;
				CLANG_ENABLE_OBJC_WEAK = YES;
				CLANG_WARN_BLOCK_CAPTURE_AUTORELEASING = YES;
				CLANG_WARN_BOOL_CONVERSION = YES;
				CLANG_WARN_COMMA = YES;
				CLANG_WARN_CONSTANT_CONVERSION = YES;
				CLANG_WARN_DEPRECATED_OBJC_IMPLEMENTATIONS = YES;
				CLANG_WARN_DIRECT_OBJC_ISA_USAGE = YES_ERROR;
				CLANG_WARN_DOCUMENTATION_COMMENTS = YES;
				CLANG_WARN_EMPTY_BODY = YES;
				CLANG_WARN_ENUM_CONVERSION = YES;
				CLANG_WARN_INFINITE_RECURSION = YES;
				CLANG_WARN_INT_CONVERSION = YES;
				CLANG_WARN_NON_LITERAL_NULL_CONVERSION = YES;
				CLANG_WARN_OBJC_IMPLICIT_RETAIN_SELF = YES;
				CLANG_WARN_OBJC_LITERAL_CONVERSION = YES;
				CLANG_WARN_OBJC_ROOT_CLASS = YES_ERROR;
				CLANG_WARN_RANGE_LOOP_ANALYSIS = YES;
				CLANG_WARN_STRICT_PROTOTYPES = YES;
				CLANG_WARN_SUSPICIOUS_MOVE = YES;
				CLANG_WARN_UNGUARDED_AVAILABILITY = YES_AGGRESSIVE;
				CLANG_WARN_UNREACHABLE_CODE = YES;
				CLANG_WARN__DUPLICATE_METHOD_MATCH = YES;
				COPY_PHASE_STRIP = NO;
				DEBUG_INFORMATION_FORMAT = dwarf;
				ENABLE_STRICT_OBJC_MSGSEND = YES;
				ENABLE_TESTABILITY = YES;
				GCC_C_LANGUAGE_STANDARD = gnu11;
				GCC_DYNAMIC_NO_PIC = NO;
				GCC_NO_COMMON_BLOCKS = YES;
				GCC_OPTIMIZATION_LEVEL = 0;
				GCC_PREPROCESSOR_DEFINITIONS = (
					"DEBUG=1",
					"$(inherited)",
				);
				GCC_WARN_64_TO_32_BIT_CONVERSION = YES;
				GCC_WARN_ABOUT_RETURN_TYPE = YES_ERROR;
				GCC_WARN_UNDECLARED_SELECTOR = YES;
				GCC_WARN_UNINITIALIZED_AUTOS = YES_AGGRESSIVE;
				GCC_WARN_UNUSED_FUNCTION = YES;
				GCC_WARN_UNUSED_VARIABLE = YES;
				IPHONEOS_DEPLOYMENT_TARGET = 13.4;
				MTL_ENABLE_DEBUG_INFO = INCLUDE_SOURCE;
				MTL_FAST_MATH = YES;
				ONLY_ACTIVE_ARCH = YES;
				SDKROOT = iphoneos;
				SWIFT_ACTIVE_COMPILATION_CONDITIONS = DEBUG;
				SWIFT_OPTIMIZATION_LEVEL = "-Onone";
			};
			name = Debug;
		};
		148876EC242F75010026C52D /* Release */ = {
			isa = XCBuildConfiguration;
			buildSettings = {
				ALWAYS_SEARCH_USER_PATHS = NO;
				CLANG_ANALYZER_NONNULL = YES;
				CLANG_ANALYZER_NUMBER_OBJECT_CONVERSION = YES_AGGRESSIVE;
				CLANG_CXX_LANGUAGE_STANDARD = "gnu++14";
				CLANG_CXX_LIBRARY = "libc++";
				CLANG_ENABLE_MODULES = YES;
				CLANG_ENABLE_OBJC_ARC = YES;
				CLANG_ENABLE_OBJC_WEAK = YES;
				CLANG_WARN_BLOCK_CAPTURE_AUTORELEASING = YES;
				CLANG_WARN_BOOL_CONVERSION = YES;
				CLANG_WARN_COMMA = YES;
				CLANG_WARN_CONSTANT_CONVERSION = YES;
				CLANG_WARN_DEPRECATED_OBJC_IMPLEMENTATIONS = YES;
				CLANG_WARN_DIRECT_OBJC_ISA_USAGE = YES_ERROR;
				CLANG_WARN_DOCUMENTATION_COMMENTS = YES;
				CLANG_WARN_EMPTY_BODY = YES;
				CLANG_WARN_ENUM_CONVERSION = YES;
				CLANG_WARN_INFINITE_RECURSION = YES;
				CLANG_WARN_INT_CONVERSION = YES;
				CLANG_WARN_NON_LITERAL_NULL_CONVERSION = YES;
				CLANG_WARN_OBJC_IMPLICIT_RETAIN_SELF = YES;
				CLANG_WARN_OBJC_LITERAL_CONVERSION = YES;
				CLANG_WARN_OBJC_ROOT_CLASS = YES_ERROR;
				CLANG_WARN_RANGE_LOOP_ANALYSIS = YES;
				CLANG_WARN_STRICT_PROTOTYPES = YES;
				CLANG_WARN_SUSPICIOUS_MOVE = YES;
				CLANG_WARN_UNGUARDED_AVAILABILITY = YES_AGGRESSIVE;
				CLANG_WARN_UNREACHABLE_CODE = YES;
				CLANG_WARN__DUPLICATE_METHOD_MATCH = YES;
				COPY_PHASE_STRIP = NO;
				DEBUG_INFORMATION_FORMAT = "dwarf-with-dsym";
				ENABLE_NS_ASSERTIONS = NO;
				ENABLE_STRICT_OBJC_MSGSEND = YES;
				GCC_C_LANGUAGE_STANDARD = gnu11;
				GCC_NO_COMMON_BLOCKS = YES;
				GCC_WARN_64_TO_32_BIT_CONVERSION = YES;
				GCC_WARN_ABOUT_RETURN_TYPE = YES_ERROR;
				GCC_WARN_UNDECLARED_SELECTOR = YES;
				GCC_WARN_UNINITIALIZED_AUTOS = YES_AGGRESSIVE;
				GCC_WARN_UNUSED_FUNCTION = YES;
				GCC_WARN_UNUSED_VARIABLE = YES;
				IPHONEOS_DEPLOYMENT_TARGET = 13.4;
				MTL_ENABLE_DEBUG_INFO = NO;
				MTL_FAST_MATH = YES;
				SDKROOT = iphoneos;
				SWIFT_COMPILATION_MODE = wholemodule;
				SWIFT_OPTIMIZATION_LEVEL = "-O";
				VALIDATE_PRODUCT = YES;
			};
			name = Release;
		};
		148876EE242F75010026C52D /* Debug */ = {
			isa = XCBuildConfiguration;
			baseConfigurationReference = 703368AD5AB911C5B494126F /* Pods-igClone.debug.xcconfig */;
			buildSettings = {
				ASSETCATALOG_COMPILER_APPICON_NAME = AppIcon;
				CODE_SIGN_STYLE = Automatic;
				DEVELOPMENT_ASSET_PATHS = "\"igClone/Preview Content\"";
				DEVELOPMENT_TEAM = N86N5735D2;
				ENABLE_PREVIEWS = YES;
				INFOPLIST_FILE = igClone/Info.plist;
				LD_RUNPATH_SEARCH_PATHS = (
					"$(inherited)",
					"@executable_path/Frameworks",
				);
				PRODUCT_BUNDLE_IDENTIFIER = "Christian-Schmutte.igClone";
				PRODUCT_NAME = "$(TARGET_NAME)";
				SWIFT_VERSION = 5.0;
				TARGETED_DEVICE_FAMILY = "1,2";
			};
			name = Debug;
		};
		148876EF242F75010026C52D /* Release */ = {
			isa = XCBuildConfiguration;
			baseConfigurationReference = 6C77B1BE03A1BE0B01B4B8F2 /* Pods-igClone.release.xcconfig */;
			buildSettings = {
				ASSETCATALOG_COMPILER_APPICON_NAME = AppIcon;
				CODE_SIGN_STYLE = Automatic;
				DEVELOPMENT_ASSET_PATHS = "\"igClone/Preview Content\"";
				DEVELOPMENT_TEAM = N86N5735D2;
				ENABLE_PREVIEWS = YES;
				INFOPLIST_FILE = igClone/Info.plist;
				LD_RUNPATH_SEARCH_PATHS = (
					"$(inherited)",
					"@executable_path/Frameworks",
				);
				PRODUCT_BUNDLE_IDENTIFIER = "Christian-Schmutte.igClone";
				PRODUCT_NAME = "$(TARGET_NAME)";
				SWIFT_VERSION = 5.0;
				TARGETED_DEVICE_FAMILY = "1,2";
			};
			name = Release;
		};
/* End XCBuildConfiguration section */

/* Begin XCConfigurationList section */
		148876D4242F74FB0026C52D /* Build configuration list for PBXProject "igClone" */ = {
			isa = XCConfigurationList;
			buildConfigurations = (
				148876EB242F75010026C52D /* Debug */,
				148876EC242F75010026C52D /* Release */,
			);
			defaultConfigurationIsVisible = 0;
			defaultConfigurationName = Release;
		};
		148876ED242F75010026C52D /* Build configuration list for PBXNativeTarget "igClone" */ = {
			isa = XCConfigurationList;
			buildConfigurations = (
				148876EE242F75010026C52D /* Debug */,
				148876EF242F75010026C52D /* Release */,
			);
			defaultConfigurationIsVisible = 0;
			defaultConfigurationName = Release;
		};
/* End XCConfigurationList section */
	};
	rootObject = 148876D1242F74FB0026C52D /* Project object */;
}
